{
    "_meta": {
        "hash": {
            "sha256": "3c740c78a7fd44911a2b843d15280f9263c77461f74837b15783e760ac8b4b81"
        },
        "pipfile-spec": 6,
        "requires": {
            "python_version": "3.9"
        },
        "sources": [
            {
                "name": "pypi",
                "url": "https://pypi.org/simple",
                "verify_ssl": true
            }
        ]
    },
    "default": {
        "dice": {
            "hashes": [
                "sha256:43c427532d64baefda5bb5d29a4bba1adad1f4b5cc2b8ec28dfcbb7228765385",
                "sha256:99d9c3a90c4f0d016911526c1ea5a10394e047cc3ce61eab22fd34c0f4bc9f60"
            ],
            "index": "pypi",
            "version": "==3.1.1"
        },
        "docopt": {
            "hashes": [
                "sha256:49b3a825280bd66b3aa83585ef59c4a8c82f2c8a522dbe754a8bc8d08c85c491"
            ],
            "version": "==0.6.2"
        },
        "pyparsing": {
            "hashes": [
                "sha256:c203ec8783bf771a155b207279b9bccb8dea02d8f0c9e5f8ead507bc3246ecc1",
                "sha256:ef9d7589ef3c200abe66653d3f1ab1033c3c419ae9b9bdb1240a85b024efc88b"
            ],
            "markers": "python_version >= '2.6' and python_version not in '3.0, 3.1, 3.2'",
            "version": "==2.4.7"
        }
    },
    "develop": {}
}
